
Microsoft Visual Studio Solution File, Format Version 12.00
# Visual Studio Version 17
VisualStudioVersion = 17.5.33424.131
MinimumVisualStudioVersion = 10.0.40219.1
Project("{FAE04EC0-301F-11D3-BF4B-00C04F79EFBC}") = "SimsProject", "SimsProject.csproj", "{00083011-4163-48A1-8147-AD1682CAD29E}"
EndProject
Global
	GlobalSection(SolutionConfigurationPlatforms) = preSolution
		Debug|Any CPU = Debug|Any CPU
		Release|Any CPU = Release|Any CPU
	EndGlobalSection
	GlobalSection(ProjectConfigurationPlatforms) = postSolution
		{00083011-4163-48A1-8147-AD1682CAD29E}.Debug|Any CPU.ActiveCfg = Debug|Any CPU
		{00083011-4163-48A1-8147-AD1682CAD29E}.Debug|Any CPU.Build.0 = Debug|Any CPU
		{00083011-4163-48A1-8147-AD1682CAD29E}.Release|Any CPU.ActiveCfg = Release|Any CPU
		{00083011-4163-48A1-8147-AD1682CAD29E}.Release|Any CPU.Build.0 = Release|Any CPU
	EndGlobalSection
	GlobalSection(SolutionProperties) = preSolution
		HideSolutionNode = FALSE
	EndGlobalSection
	GlobalSection(ExtensibilityGlobals) = postSolution
		SolutionGuid = {EAA6A4BF-CEA9-4B1A-BC28-45C6682BFE77}
	EndGlobalSection
EndGlobal
